// !$*UTF8*$!
{
	archiveVersion = 1;
	classes = {
	};
	objectVersion = 56;
	objects = {

/* Begin PBXBuildFile section */
		DBFEE7F02B9E7FFC000C2CDA /* AppDelegate.swift in Sources */ = {isa = PBXBuildFile; fileRef = DBFEE7EF2B9E7FFC000C2CDA /* AppDelegate.swift */; };
		DBFEE7F22B9E7FFC000C2CDA /* SceneDelegate.swift in Sources */ = {isa = PBXBuildFile; fileRef = DBFEE7F12B9E7FFC000C2CDA /* SceneDelegate.swift */; };
		DBFEE7F42B9E7FFC000C2CDA /* ViewController.swift in Sources */ = {isa = PBXBuildFile; fileRef = DBFEE7F32B9E7FFC000C2CDA /* ViewController.swift */; };
		DBFEE7F72B9E7FFC000C2CDA /* Base in Resources */ = {isa = PBXBuildFile; fileRef = DBFEE7F62B9E7FFC000C2CDA /* Base */; };
		DBFEE7F92B9E7FFF000C2CDA /* Assets.xcassets in Resources */ = {isa = PBXBuildFile; fileRef = DBFEE7F82B9E7FFF000C2CDA /* Assets.xcassets */; };
		DBFEE7FC2B9E7FFF000C2CDA /* Base in Resources */ = {isa = PBXBuildFile; fileRef = DBFEE7FB2B9E7FFF000C2CDA /* Base */; };
		DBFEE8072B9E7FFF000C2CDA /* AlertMessagesTests.swift in Sources */ = {isa = PBXBuildFile; fileRef = DBFEE8062B9E7FFF000C2CDA /* AlertMessagesTests.swift */; };
		DBFEE8112B9E7FFF000C2CDA /* AlertMessagesUITests.swift in Sources */ = {isa = PBXBuildFile; fileRef = DBFEE8102B9E7FFF000C2CDA /* AlertMessagesUITests.swift */; };
		DBFEE8132B9E7FFF000C2CDA /* AlertMessagesUITestsLaunchTests.swift in Sources */ = {isa = PBXBuildFile; fileRef = DBFEE8122B9E7FFF000C2CDA /* AlertMessagesUITestsLaunchTests.swift */; };
/* End PBXBuildFile section */

/* Begin PBXContainerItemProxy section */
		DBFEE8032B9E7FFF000C2CDA /* PBXContainerItemProxy */ = {
			isa = PBXContainerItemProxy;
			containerPortal = DBFEE7E42B9E7FFC000C2CDA /* Project object */;
			proxyType = 1;
			remoteGlobalIDString = DBFEE7EB2B9E7FFC000C2CDA;
			remoteInfo = AlertMessages;
		};
		DBFEE80D2B9E7FFF000C2CDA /* PBXContainerItemProxy */ = {
			isa = PBXContainerItemProxy;
			containerPortal = DBFEE7E42B9E7FFC000C2CDA /* Project object */;
			proxyType = 1;
			remoteGlobalIDString = DBFEE7EB2B9E7FFC000C2CDA;
			remoteInfo = AlertMessages;
		};
/* End PBXContainerItemProxy section */

/* Begin PBXFileReference section */
		DBFEE7EC2B9E7FFC000C2CDA /* AlertMessages.app */ = {isa = PBXFileReference; explicitFileType = wrapper.application; includeInIndex = 0; path = AlertMessages.app; sourceTree = BUILT_PRODUCTS_DIR; };
		DBFEE7EF2B9E7FFC000C2CDA /* AppDelegate.swift */ = {isa = PBXFileReference; lastKnownFileType = sourcecode.swift; path = AppDelegate.swift; sourceTree = "<group>"; };
		DBFEE7F12B9E7FFC000C2CDA /* SceneDelegate.swift */ = {isa = PBXFileReference; lastKnownFileType = sourcecode.swift; path = SceneDelegate.swift; sourceTree = "<group>"; };
		DBFEE7F32B9E7FFC000C2CDA /* ViewController.swift */ = {isa = PBXFileReference; lastKnownFileType = sourcecode.swift; path = ViewController.swift; sourceTree = "<group>"; };
		DBFEE7F62B9E7FFC000C2CDA /* Base */ = {isa = PBXFileReference; lastKnownFileType = file.storyboard; name = Base; path = Base.lproj/Main.storyboard; sourceTree = "<group>"; };
		DBFEE7F82B9E7FFF000C2CDA /* Assets.xcassets */ = {isa = PBXFileReference; lastKnownFileType = folder.assetcatalog; path = Assets.xcassets; sourceTree = "<group>"; };
		DBFEE7FB2B9E7FFF000C2CDA /* Base */ = {isa = PBXFileReference; lastKnownFileType = file.storyboard; name = Base; path = Base.lproj/LaunchScreen.storyboard; sourceTree = "<group>"; };
		DBFEE7FD2B9E7FFF000C2CDA /* Info.plist */ = {isa = PBXFileReference; lastKnownFileType = text.plist.xml; path = Info.plist; sourceTree = "<group>"; };
		DBFEE8022B9E7FFF000C2CDA /* AlertMessagesTests.xctest */ = {isa = PBXFileReference; explicitFileType = wrapper.cfbundle; includeInIndex = 0; path = AlertMessagesTests.xctest; sourceTree = BUILT_PRODUCTS_DIR; };
		DBFEE8062B9E7FFF000C2CDA /* AlertMessagesTests.swift */ = {isa = PBXFileReference; lastKnownFileType = sourcecode.swift; path = AlertMessagesTests.swift; sourceTree = "<group>"; };
		DBFEE80C2B9E7FFF000C2CDA /* AlertMessagesUITests.xctest */ = {isa = PBXFileReference; explicitFileType = wrapper.cfbundle; includeInIndex = 0; path = AlertMessagesUITests.xctest; sourceTree = BUILT_PRODUCTS_DIR; };
		DBFEE8102B9E7FFF000C2CDA /* AlertMessagesUITests.swift */ = {isa = PBXFileReference; lastKnownFileType = sourcecode.swift; path = AlertMessagesUITests.swift; sourceTree = "<group>"; };
		DBFEE8122B9E7FFF000C2CDA /* AlertMessagesUITestsLaunchTests.swift */ = {isa = PBXFileReference; lastKnownFileType = sourcecode.swift; path = AlertMessagesUITestsLaunchTests.swift; sourceTree = "<group>"; };
/* End PBXFileReference section */

/* Begin PBXFrameworksBuildPhase section */
		DBFEE7E92B9E7FFC000C2CDA /* Frameworks */ = {
			isa = PBXFrameworksBuildPhase;
			buildActionMask = 2147483647;
			files = (
			);
			runOnlyForDeploymentPostprocessing = 0;
		};
		DBFEE7FF2B9E7FFF000C2CDA /* Frameworks */ = {
			isa = PBXFrameworksBuildPhase;
			buildActionMask = 2147483647;
			files = (
			);
			runOnlyForDeploymentPostprocessing = 0;
		};
		DBFEE8092B9E7FFF000C2CDA /* Frameworks */ = {
			isa = PBXFrameworksBuildPhase;
			buildActionMask = 2147483647;
			files = (
			);
			runOnlyForDeploymentPostprocessing = 0;
		};
/* End PBXFrameworksBuildPhase section */

/* Begin PBXGroup section */
		DBFEE7E32B9E7FFC000C2CDA = {
			isa = PBXGroup;
			children = (
				DBFEE7EE2B9E7FFC000C2CDA /* AlertMessages */,
				DBFEE8052B9E7FFF000C2CDA /* AlertMessagesTests */,
				DBFEE80F2B9E7FFF000C2CDA /* AlertMessagesUITests */,
				DBFEE7ED2B9E7FFC000C2CDA /* Products */,
			);
			sourceTree = "<group>";
		};
		DBFEE7ED2B9E7FFC000C2CDA /* Products */ = {
			isa = PBXGroup;
			children = (
				DBFEE7EC2B9E7FFC000C2CDA /* AlertMessages.app */,
				DBFEE8022B9E7FFF000C2CDA /* AlertMessagesTests.xctest */,
				DBFEE80C2B9E7FFF000C2CDA /* AlertMessagesUITests.xctest */,
			);
			name = Products;
			sourceTree = "<group>";
		};
		DBFEE7EE2B9E7FFC000C2CDA /* AlertMessages */ = {
			isa = PBXGroup;
			children = (
				DBFEE7EF2B9E7FFC000C2CDA /* AppDelegate.swift */,
				DBFEE7F12B9E7FFC000C2CDA /* SceneDelegate.swift */,
				DBFEE7F32B9E7FFC000C2CDA /* ViewController.swift */,
				DBFEE7F52B9E7FFC000C2CDA /* Main.storyboard */,
				DBFEE7F82B9E7FFF000C2CDA /* Assets.xcassets */,
				DBFEE7FA2B9E7FFF000C2CDA /* LaunchScreen.storyboard */,
				DBFEE7FD2B9E7FFF000C2CDA /* Info.plist */,
			);
			path = AlertMessages;
			sourceTree = "<group>";
		};
		DBFEE8052B9E7FFF000C2CDA /* AlertMessagesTests */ = {
			isa = PBXGroup;
			children = (
				DBFEE8062B9E7FFF000C2CDA /* AlertMessagesTests.swift */,
			);
			path = AlertMessagesTests;
			sourceTree = "<group>";
		};
		DBFEE80F2B9E7FFF000C2CDA /* AlertMessagesUITests */ = {
			isa = PBXGroup;
			children = (
				DBFEE8102B9E7FFF000C2CDA /* AlertMessagesUITests.swift */,
				DBFEE8122B9E7FFF000C2CDA /* AlertMessagesUITestsLaunchTests.swift */,
			);
			path = AlertMessagesUITests;
			sourceTree = "<group>";
		};
/* End PBXGroup section */

/* Begin PBXNativeTarget section */
		DBFEE7EB2B9E7FFC000C2CDA /* AlertMessages */ = {
			isa = PBXNativeTarget;
			buildConfigurationList = DBFEE8162B9E7FFF000C2CDA /* Build configuration list for PBXNativeTarget "AlertMessages" */;
			buildPhases = (
				DBFEE7E82B9E7FFC000C2CDA /* Sources */,
				DBFEE7E92B9E7FFC000C2CDA /* Frameworks */,
				DBFEE7EA2B9E7FFC000C2CDA /* Resources */,
			);
			buildRules = (
			);
			dependencies = (
			);
			name = AlertMessages;
			productName = AlertMessages;
			productReference = DBFEE7EC2B9E7FFC000C2CDA /* AlertMessages.app */;
			productType = "com.apple.product-type.application";
		};
		DBFEE8012B9E7FFF000C2CDA /* AlertMessagesTests */ = {
			isa = PBXNativeTarget;
			buildConfigurationList = DBFEE8192B9E7FFF000C2CDA /* Build configuration list for PBXNativeTarget "AlertMessagesTests" */;
			buildPhases = (
				DBFEE7FE2B9E7FFF000C2CDA /* Sources */,
				DBFEE7FF2B9E7FFF000C2CDA /* Frameworks */,
				DBFEE8002B9E7FFF000C2CDA /* Resources */,
			);
			buildRules = (
			);
			dependencies = (
				DBFEE8042B9E7FFF000C2CDA /* PBXTargetDependency */,
			);
			name = AlertMessagesTests;
			productName = AlertMessagesTests;
			productReference = DBFEE8022B9E7FFF000C2CDA /* AlertMessagesTests.xctest */;
			productType = "com.apple.product-type.bundle.unit-test";
		};
		DBFEE80B2B9E7FFF000C2CDA /* AlertMessagesUITests */ = {
			isa = PBXNativeTarget;
			buildConfigurationList = DBFEE81C2B9E7FFF000C2CDA /* Build configuration list for PBXNativeTarget "AlertMessagesUITests" */;
			buildPhases = (
				DBFEE8082B9E7FFF000C2CDA /* Sources */,
				DBFEE8092B9E7FFF000C2CDA /* Frameworks */,
				DBFEE80A2B9E7FFF000C2CDA /* Resources */,
			);
			buildRules = (
			);
			dependencies = (
				DBFEE80E2B9E7FFF000C2CDA /* PBXTargetDependency */,
			);
			name = AlertMessagesUITests;
			productName = AlertMessagesUITests;
			productReference = DBFEE80C2B9E7FFF000C2CDA /* AlertMessagesUITests.xctest */;
			productType = "com.apple.product-type.bundle.ui-testing";
		};
/* End PBXNativeTarget section */

/* Begin PBXProject section */
		DBFEE7E42B9E7FFC000C2CDA /* Project object */ = {
			isa = PBXProject;
			attributes = {
				BuildIndependentTargetsInParallel = 1;
				LastSwiftUpdateCheck = 1530;
				LastUpgradeCheck = 1530;
				TargetAttributes = {
					DBFEE7EB2B9E7FFC000C2CDA = {
						CreatedOnToolsVersion = 15.3;
					};
					DBFEE8012B9E7FFF000C2CDA = {
						CreatedOnToolsVersion = 15.3;
						TestTargetID = DBFEE7EB2B9E7FFC000C2CDA;
					};
					DBFEE80B2B9E7FFF000C2CDA = {
						CreatedOnToolsVersion = 15.3;
						TestTargetID = DBFEE7EB2B9E7FFC000C2CDA;
					};
				};
			};
			buildConfigurationList = DBFEE7E72B9E7FFC000C2CDA /* Build configuration list for PBXProject "AlertMessages" */;
			compatibilityVersion = "Xcode 14.0";
			developmentRegion = en;
			hasScannedForEncodings = 0;
			knownRegions = (
				en,
				Base,
			);
			mainGroup = DBFEE7E32B9E7FFC000C2CDA;
			productRefGroup = DBFEE7ED2B9E7FFC000C2CDA /* Products */;
			projectDirPath = "";
			projectRoot = "";
			targets = (
				DBFEE7EB2B9E7FFC000C2CDA /* AlertMessages */,
				DBFEE8012B9E7FFF000C2CDA /* AlertMessagesTests */,
				DBFEE80B2B9E7FFF000C2CDA /* AlertMessagesUITests */,
			);
		};
/* End PBXProject section */

/* Begin PBXResourcesBuildPhase section */
		DBFEE7EA2B9E7FFC000C2CDA /* Resources */ = {
			isa = PBXResourcesBuildPhase;
			buildActionMask = 2147483647;
			files = (
				DBFEE7F92B9E7FFF000C2CDA /* Assets.xcassets in Resources */,
				DBFEE7FC2B9E7FFF000C2CDA /* Base in Resources */,
				DBFEE7F72B9E7FFC000C2CDA /* Base in Resources */,
			);
			runOnlyForDeploymentPostprocessing = 0;
		};
		DBFEE8002B9E7FFF000C2CDA /* Resources */ = {
			isa = PBXResourcesBuildPhase;
			buildActionMask = 2147483647;
			files = (
			);
			runOnlyForDeploymentPostprocessing = 0;
		};
		DBFEE80A2B9E7FFF000C2CDA /* Resources */ = {
			isa = PBXResourcesBuildPhase;
			buildActionMask = 2147483647;
			files = (
			);
			runOnlyForDeploymentPostprocessing = 0;
		};
/* End PBXResourcesBuildPhase section */

/* Begin PBXSourcesBuildPhase section */
		DBFEE7E82B9E7FFC000C2CDA /* Sources */ = {
			isa = PBXSourcesBuildPhase;
			buildActionMask = 2147483647;
			files = (
				DBFEE7F42B9E7FFC000C2CDA /* ViewController.swift in Sources */,
				DBFEE7F02B9E7FFC000C2CDA /* AppDelegate.swift in Sources */,
				DBFEE7F22B9E7FFC000C2CDA /* SceneDelegate.swift in Sources */,
			);
			runOnlyForDeploymentPostprocessing = 0;
		};
		DBFEE7FE2B9E7FFF000C2CDA /* Sources */ = {
			isa = PBXSourcesBuildPhase;
			buildActionMask = 2147483647;
			files = (
				DBFEE8072B9E7FFF000C2CDA /* AlertMessagesTests.swift in Sources */,
			);
			runOnlyForDeploymentPostprocessing = 0;
		};
		DBFEE8082B9E7FFF000C2CDA /* Sources */ = {
			isa = PBXSourcesBuildPhase;
			buildActionMask = 2147483647;
			files = (
				DBFEE8112B9E7FFF000C2CDA /* AlertMessagesUITests.swift in Sources */,
				DBFEE8132B9E7FFF000C2CDA /* AlertMessagesUITestsLaunchTests.swift in Sources */,
			);
			runOnlyForDeploymentPostprocessing = 0;
		};
/* End PBXSourcesBuildPhase section */

/* Begin PBXTargetDependency section */
		DBFEE8042B9E7FFF000C2CDA /* PBXTargetDependency */ = {
			isa = PBXTargetDependency;
			target = DBFEE7EB2B9E7FFC000C2CDA /* AlertMessages */;
			targetProxy = DBFEE8032B9E7FFF000C2CDA /* PBXContainerItemProxy */;
		};
		DBFEE80E2B9E7FFF000C2CDA /* PBXTargetDependency */ = {
			isa = PBXTargetDependency;
			target = DBFEE7EB2B9E7FFC000C2CDA /* AlertMessages */;
			targetProxy = DBFEE80D2B9E7FFF000C2CDA /* PBXContainerItemProxy */;
		};
/* End PBXTargetDependency section */

/* Begin PBXVariantGroup section */
		DBFEE7F52B9E7FFC000C2CDA /* Main.storyboard */ = {
			isa = PBXVariantGroup;
			children = (
				DBFEE7F62B9E7FFC000C2CDA /* Base */,
			);
			name = Main.storyboard;
			sourceTree = "<group>";
		};
		DBFEE7FA2B9E7FFF000C2CDA /* LaunchScreen.storyboard */ = {
			isa = PBXVariantGroup;
			children = (
				DBFEE7FB2B9E7FFF000C2CDA /* Base */,
			);
			name = LaunchScreen.storyboard;
			sourceTree = "<group>";
		};
/* End PBXVariantGroup section */

/* Begin XCBuildConfiguration section */
		DBFEE8142B9E7FFF000C2CDA /* Debug */ = {
			isa = XCBuildConfiguration;
			buildSettings = {
				ALWAYS_SEARCH_USER_PATHS = NO;
				ASSETCATALOG_COMPILER_GENERATE_SWIFT_ASSET_SYMBOL_EXTENSIONS = YES;
				CLANG_ANALYZER_NONNULL = YES;
				CLANG_ANALYZER_NUMBER_OBJECT_CONVERSION = YES_AGGRESSIVE;
				CLANG_CXX_LANGUAGE_STANDARD = "gnu++20";
				CLANG_ENABLE_MODULES = YES;
				CLANG_ENABLE_OBJC_ARC = YES;
				CLANG_ENABLE_OBJC_WEAK = YES;
				CLANG_WARN_BLOCK_CAPTURE_AUTORELEASING = YES;
				CLANG_WARN_BOOL_CONVERSION = YES;
				CLANG_WARN_COMMA = YES;
				CLANG_WARN_CONSTANT_CONVERSION = YES;
				CLANG_WARN_DEPRECATED_OBJC_IMPLEMENTATIONS = YES;
				CLANG_WARN_DIRECT_OBJC_ISA_USAGE = YES_ERROR;
				CLANG_WARN_DOCUMENTATION_COMMENTS = YES;
				CLANG_WARN_EMPTY_BODY = YES;
				CLANG_WARN_ENUM_CONVERSION = YES;
				CLANG_WARN_INFINITE_RECURSION = YES;
				CLANG_WARN_INT_CONVERSION = YES;
				CLANG_WARN_NON_LITERAL_NULL_CONVERSION = YES;
				CLANG_WARN_OBJC_IMPLICIT_RETAIN_SELF = YES;
				CLANG_WARN_OBJC_LITERAL_CONVERSION = YES;
				CLANG_WARN_OBJC_ROOT_CLASS = YES_ERROR;
				CLANG_WARN_QUOTED_INCLUDE_IN_FRAMEWORK_HEADER = YES;
				CLANG_WARN_RANGE_LOOP_ANALYSIS = YES;
				CLANG_WARN_STRICT_PROTOTYPES = YES;
				CLANG_WARN_SUSPICIOUS_MOVE = YES;
				CLANG_WARN_UNGUARDED_AVAILABILITY = YES_AGGRESSIVE;
				CLANG_WARN_UNREACHABLE_CODE = YES;
				CLANG_WARN__DUPLICATE_METHOD_MATCH = YES;
				COPY_PHASE_STRIP = NO;
				DEBUG_INFORMATION_FORMAT = dwarf;
				ENABLE_STRICT_OBJC_MSGSEND = YES;
				ENABLE_TESTABILITY = YES;
				ENABLE_USER_SCRIPT_SANDBOXING = YES;
				GCC_C_LANGUAGE_STANDARD = gnu17;
				GCC_DYNAMIC_NO_PIC = NO;
				GCC_NO_COMMON_BLOCKS = YES;
				GCC_OPTIMIZATION_LEVEL = 0;
				GCC_PREPROCESSOR_DEFINITIONS = (
					"DEBUG=1",
					"$(inherited)",
				);
				GCC_WARN_64_TO_32_BIT_CONVERSION = YES;
				GCC_WARN_ABOUT_RETURN_TYPE = YES_ERROR;
				GCC_WARN_UNDECLARED_SELECTOR = YES;
				GCC_WARN_UNINITIALIZED_AUTOS = YES_AGGRESSIVE;
				GCC_WARN_UNUSED_FUNCTION = YES;
				GCC_WARN_UNUSED_VARIABLE = YES;
				IPHONEOS_DEPLOYMENT_TARGET = 17.4;
				LOCALIZATION_PREFERS_STRING_CATALOGS = YES;
				MTL_ENABLE_DEBUG_INFO = INCLUDE_SOURCE;
				MTL_FAST_MATH = YES;
				ONLY_ACTIVE_ARCH = YES;
				SDKROOT = iphoneos;
				SWIFT_ACTIVE_COMPILATION_CONDITIONS = "DEBUG $(inherited)";
				SWIFT_OPTIMIZATION_LEVEL = "-Onone";
			};
			name = Debug;
		};
		DBFEE8152B9E7FFF000C2CDA /* Release */ = {
			isa = XCBuildConfiguration;
			buildSettings = {
				ALWAYS_SEARCH_USER_PATHS = NO;
				ASSETCATALOG_COMPILER_GENERATE_SWIFT_ASSET_SYMBOL_EXTENSIONS = YES;
				CLANG_ANALYZER_NONNULL = YES;
				CLANG_ANALYZER_NUMBER_OBJECT_CONVERSION = YES_AGGRESSIVE;
				CLANG_CXX_LANGUAGE_STANDARD = "gnu++20";
				CLANG_ENABLE_MODULES = YES;
				CLANG_ENABLE_OBJC_ARC = YES;
				CLANG_ENABLE_OBJC_WEAK = YES;
				CLANG_WARN_BLOCK_CAPTURE_AUTORELEASING = YES;
				CLANG_WARN_BOOL_CONVERSION = YES;
				CLANG_WARN_COMMA = YES;
				CLANG_WARN_CONSTANT_CONVERSION = YES;
				CLANG_WARN_DEPRECATED_OBJC_IMPLEMENTATIONS = YES;
				CLANG_WARN_DIRECT_OBJC_ISA_USAGE = YES_ERROR;
				CLANG_WARN_DOCUMENTATION_COMMENTS = YES;
				CLANG_WARN_EMPTY_BODY = YES;
				CLANG_WARN_ENUM_CONVERSION = YES;
				CLANG_WARN_INFINITE_RECURSION = YES;
				CLANG_WARN_INT_CONVERSION = YES;
				CLANG_WARN_NON_LITERAL_NULL_CONVERSION = YES;
				CLANG_WARN_OBJC_IMPLICIT_RETAIN_SELF = YES;
				CLANG_WARN_OBJC_LITERAL_CONVERSION = YES;
				CLANG_WARN_OBJC_ROOT_CLASS = YES_ERROR;
				CLANG_WARN_QUOTED_INCLUDE_IN_FRAMEWORK_HEADER = YES;
				CLANG_WARN_RANGE_LOOP_ANALYSIS = YES;
				CLANG_WARN_STRICT_PROTOTYPES = YES;
				CLANG_WARN_SUSPICIOUS_MOVE = YES;
				CLANG_WARN_UNGUARDED_AVAILABILITY = YES_AGGRESSIVE;
				CLANG_WARN_UNREACHABLE_CODE = YES;
				CLANG_WARN__DUPLICATE_METHOD_MATCH = YES;
				COPY_PHASE_STRIP = NO;
				DEBUG_INFORMATION_FORMAT = "dwarf-with-dsym";
				ENABLE_NS_ASSERTIONS = NO;
				ENABLE_STRICT_OBJC_MSGSEND = YES;
				ENABLE_USER_SCRIPT_SANDBOXING = YES;
				GCC_C_LANGUAGE_STANDARD = gnu17;
				GCC_NO_COMMON_BLOCKS = YES;
				GCC_WARN_64_TO_32_BIT_CONVERSION = YES;
				GCC_WARN_ABOUT_RETURN_TYPE = YES_ERROR;
				GCC_WARN_UNDECLARED_SELECTOR = YES;
				GCC_WARN_UNINITIALIZED_AUTOS = YES_AGGRESSIVE;
				GCC_WARN_UNUSED_FUNCTION = YES;
				GCC_WARN_UNUSED_VARIABLE = YES;
				IPHONEOS_DEPLOYMENT_TARGET = 17.4;
				LOCALIZATION_PREFERS_STRING_CATALOGS = YES;
				MTL_ENABLE_DEBUG_INFO = NO;
				MTL_FAST_MATH = YES;
				SDKROOT = iphoneos;
				SWIFT_COMPILATION_MODE = wholemodule;
				VALIDATE_PRODUCT = YES;
			};
			name = Release;
		};
		DBFEE8172B9E7FFF000C2CDA /* Debug */ = {
			isa = XCBuildConfiguration;
			buildSettings = {
				ASSETCATALOG_COMPILER_APPICON_NAME = AppIcon;
				ASSETCATALOG_COMPILER_GLOBAL_ACCENT_COLOR_NAME = AccentColor;
				CODE_SIGN_STYLE = Automatic;
				CURRENT_PROJECT_VERSION = 1;
				DEVELOPMENT_TEAM = XVK8F6Q98H;
				GENERATE_INFOPLIST_FILE = YES;
				INFOPLIST_FILE = AlertMessages/Info.plist;
				INFOPLIST_KEY_UIApplicationSupportsIndirectInputEvents = YES;
				INFOPLIST_KEY_UILaunchStoryboardName = LaunchScreen;
				INFOPLIST_KEY_UIMainStoryboardFile = Main;
				INFOPLIST_KEY_UISupportedInterfaceOrientations_iPad = "UIInterfaceOrientationPortrait UIInterfaceOrientationPortraitUpsideDown UIInterfaceOrientationLandscapeLeft UIInterfaceOrientationLandscapeRight";
				INFOPLIST_KEY_UISupportedInterfaceOrientations_iPhone = "UIInterfaceOrientationPortrait UIInterfaceOrientationLandscapeLeft UIInterfaceOrientationLandscapeRight";
				LD_RUNPATH_SEARCH_PATHS = (
					"$(inherited)",
					"@executable_path/Frameworks",
				);
				MARKETING_VERSION = 1.0;
				PRODUCT_BUNDLE_IDENTIFIER = com.rumeysakutlu.AlertMessages;
				PRODUCT_NAME = "$(TARGET_NAME)";
				SWIFT_EMIT_LOC_STRINGS = YES;
				SWIFT_VERSION = 5.0;
				TARGETED_DEVICE_FAMILY = "1,2";
			};
			name = Debug;
		};
		DBFEE8182B9E7FFF000C2CDA /* Release */ = {
			isa = XCBuildConfiguration;
			buildSettings = {
				ASSETCATALOG_COMPILER_APPICON_NAME = AppIcon;
				ASSETCATALOG_COMPILER_GLOBAL_ACCENT_COLOR_NAME = AccentColor;
				CODE_SIGN_STYLE = Automatic;
				CURRENT_PROJECT_VERSION = 1;
				DEVELOPMENT_TEAM = XVK8F6Q98H;
				GENERATE_INFOPLIST_FILE = YES;
				INFOPLIST_FILE = AlertMessages/Info.plist;
				INFOPLIST_KEY_UIApplicationSupportsIndirectInputEvents = YES;
				INFOPLIST_KEY_UILaunchStoryboardName = LaunchScreen;
				INFOPLIST_KEY_UIMainStoryboardFile = Main;
				INFOPLIST_KEY_UISupportedInterfaceOrientations_iPad = "UIInterfaceOrientationPortrait UIInterfaceOrientationPortraitUpsideDown UIInterfaceOrientationLandscapeLeft UIInterfaceOrientationLandscapeRight";
				INFOPLIST_KEY_UISupportedInterfaceOrientations_iPhone = "UIInterfaceOrientationPortrait UIInterfaceOrientationLandscapeLeft UIInterfaceOrientationLandscapeRight";
				LD_RUNPATH_SEARCH_PATHS = (
					"$(inherited)",
					"@executable_path/Frameworks",
				);
				MARKETING_VERSION = 1.0;
				PRODUCT_BUNDLE_IDENTIFIER = com.rumeysakutlu.AlertMessages;
				PRODUCT_NAME = "$(TARGET_NAME)";
				SWIFT_EMIT_LOC_STRINGS = YES;
				SWIFT_VERSION = 5.0;
				TARGETED_DEVICE_FAMILY = "1,2";
			};
			name = Release;
		};
		DBFEE81A2B9E7FFF000C2CDA /* Debug */ = {
			isa = XCBuildConfiguration;
			buildSettings = {
				ALWAYS_EMBED_SWIFT_STANDARD_LIBRARIES = YES;
				BUNDLE_LOADER = "$(TEST_HOST)";
				CODE_SIGN_STYLE = Automatic;
				CURRENT_PROJECT_VERSION = 1;
				DEVELOPMENT_TEAM = XVK8F6Q98H;
				GENERATE_INFOPLIST_FILE = YES;
				IPHONEOS_DEPLOYMENT_TARGET = 17.4;
				MARKETING_VERSION = 1.0;
				PRODUCT_BUNDLE_IDENTIFIER = com.rumeysakutlu.AlertMessagesTests;
				PRODUCT_NAME = "$(TARGET_NAME)";
				SWIFT_EMIT_LOC_STRINGS = NO;
				SWIFT_VERSION = 5.0;
				TARGETED_DEVICE_FAMILY = "1,2";
				TEST_HOST = "$(BUILT_PRODUCTS_DIR)/AlertMessages.app/$(BUNDLE_EXECUTABLE_FOLDER_PATH)/AlertMessages";
			};
			name = Debug;
		};
		DBFEE81B2B9E7FFF000C2CDA /* Release */ = {
			isa = XCBuildConfiguration;
			buildSettings = {
				ALWAYS_EMBED_SWIFT_STANDARD_LIBRARIES = YES;
				BUNDLE_LOADER = "$(TEST_HOST)";
				CODE_SIGN_STYLE = Automatic;
				CURRENT_PROJECT_VERSION = 1;
				DEVELOPMENT_TEAM = XVK8F6Q98H;
				GENERATE_INFOPLIST_FILE = YES;
				IPHONEOS_DEPLOYMENT_TARGET = 17.4;
				MARKETING_VERSION = 1.0;
				PRODUCT_BUNDLE_IDENTIFIER = com.rumeysakutlu.AlertMessagesTests;
				PRODUCT_NAME = "$(TARGET_NAME)";
				SWIFT_EMIT_LOC_STRINGS = NO;
				SWIFT_VERSION = 5.0;
				TARGETED_DEVICE_FAMILY = "1,2";
				TEST_HOST = "$(BUILT_PRODUCTS_DIR)/AlertMessages.app/$(BUNDLE_EXECUTABLE_FOLDER_PATH)/AlertMessages";
			};
			name = Release;
		};
		DBFEE81D2B9E7FFF000C2CDA /* Debug */ = {
			isa = XCBuildConfiguration;
			buildSettings = {
				ALWAYS_EMBED_SWIFT_STANDARD_LIBRARIES = YES;
				CODE_SIGN_STYLE = Automatic;
				CURRENT_PROJECT_VERSION = 1;
				DEVELOPMENT_TEAM = XVK8F6Q98H;
				GENERATE_INFOPLIST_FILE = YES;
				MARKETING_VERSION = 1.0;
				PRODUCT_BUNDLE_IDENTIFIER = com.rumeysakutlu.AlertMessagesUITests;
				PRODUCT_NAME = "$(TARGET_NAME)";
				SWIFT_EMIT_LOC_STRINGS = NO;
				SWIFT_VERSION = 5.0;
				TARGETED_DEVICE_FAMILY = "1,2";
				TEST_TARGET_NAME = AlertMessages;
			};
			name = Debug;
		};
		DBFEE81E2B9E7FFF000C2CDA /* Release */ = {
			isa = XCBuildConfiguration;
			buildSettings = {
				ALWAYS_EMBED_SWIFT_STANDARD_LIBRARIES = YES;
				CODE_SIGN_STYLE = Automatic;
				CURRENT_PROJECT_VERSION = 1;
				DEVELOPMENT_TEAM = XVK8F6Q98H;
				GENERATE_INFOPLIST_FILE = YES;
				MARKETING_VERSION = 1.0;
				PRODUCT_BUNDLE_IDENTIFIER = com.rumeysakutlu.AlertMessagesUITests;
				PRODUCT_NAME = "$(TARGET_NAME)";
				SWIFT_EMIT_LOC_STRINGS = NO;
				SWIFT_VERSION = 5.0;
				TARGETED_DEVICE_FAMILY = "1,2";
				TEST_TARGET_NAME = AlertMessages;
			};
			name = Release;
		};
/* End XCBuildConfiguration section */

/* Begin XCConfigurationList section */
		DBFEE7E72B9E7FFC000C2CDA /* Build configuration list for PBXProject "AlertMessages" */ = {
			isa = XCConfigurationList;
			buildConfigurations = (
				DBFEE8142B9E7FFF000C2CDA /* Debug */,
				DBFEE8152B9E7FFF000C2CDA /* Release */,
			);
			defaultConfigurationIsVisible = 0;
			defaultConfigurationName = Release;
		};
		DBFEE8162B9E7FFF000C2CDA /* Build configuration list for PBXNativeTarget "AlertMessages" */ = {
			isa = XCConfigurationList;
			buildConfigurations = (
				DBFEE8172B9E7FFF000C2CDA /* Debug */,
				DBFEE8182B9E7FFF000C2CDA /* Release */,
			);
			defaultConfigurationIsVisible = 0;
			defaultConfigurationName = Release;
		};
		DBFEE8192B9E7FFF000C2CDA /* Build configuration list for PBXNativeTarget "AlertMessagesTests" */ = {
			isa = XCConfigurationList;
			buildConfigurations = (
				DBFEE81A2B9E7FFF000C2CDA /* Debug */,
				DBFEE81B2B9E7FFF000C2CDA /* Release */,
			);
			defaultConfigurationIsVisible = 0;
			defaultConfigurationName = Release;
		};
		DBFEE81C2B9E7FFF000C2CDA /* Build configuration list for PBXNativeTarget "AlertMessagesUITests" */ = {
			isa = XCConfigurationList;
			buildConfigurations = (
				DBFEE81D2B9E7FFF000C2CDA /* Debug */,
				DBFEE81E2B9E7FFF000C2CDA /* Release */,
			);
			defaultConfigurationIsVisible = 0;
			defaultConfigurationName = Release;
		};
/* End XCConfigurationList section */
	};
	rootObject = DBFEE7E42B9E7FFC000C2CDA /* Project object */;
}
